
Microsoft Visual Studio Solution File, Format Version 12.00
# Visual Studio Version 17
VisualStudioVersion = 17.5.33516.290
MinimumVisualStudioVersion = 10.0.40219.1
Project("{2150E333-8FDC-42A3-9474-1A3956D46DE8}") = "Core", "Core", "{56C5CEB6-CAF5-4517-AC14-295C03933C09}"
EndProject
Project("{2150E333-8FDC-42A3-9474-1A3956D46DE8}") = "Host", "Host", "{A46C08E5-FE8A-42D9-B3E1-2F9DD96F2CF4}"
EndProject
Project("{2150E333-8FDC-42A3-9474-1A3956D46DE8}") = "Services", "Services", "{AD24B260-6D05-4C14-8A24-F395194FF7DB}"
EndProject
Project("{FAE04EC0-301F-11D3-BF4B-00C04F79EFBC}") = "Cinema.Core", "Core\Cinema.Core\Cinema.Core.csproj", "{8EC687ED-B796-4D1F-B036-57771F37C066}"
EndProject
Project("{FAE04EC0-301F-11D3-BF4B-00C04F79EFBC}") = "Cinema.DataAccess", "Core\Cinema.DataAccess\Cinema.DataAccess.csproj", "{F94A5A0E-6890-4799-AF8E-B3000B8B5253}"
EndProject
Project("{FAE04EC0-301F-11D3-BF4B-00C04F79EFBC}") = "Cinema.DataContracts", "Core\Cinema.DataContracts\Cinema.DataContracts.csproj", "{633E7DDC-96F5-4E87-915A-BB483F7D4570}"
EndProject
Project("{FAE04EC0-301F-11D3-BF4B-00C04F79EFBC}") = "Cinema.Domains", "Core\Cinema.Domains\Cinema.Domains.csproj", "{4776D10F-CB2C-4439-B001-61E7F95CF3D1}"
EndProject
Project("{2150E333-8FDC-42A3-9474-1A3956D46DE8}") = "DataAccess", "DataAccess", "{59B47818-7BFE-4514-8988-F6EAACD5CCA2}"
EndProject
Project("{2150E333-8FDC-42A3-9474-1A3956D46DE8}") = "Business", "Business", "{76DAE5F7-5F73-4FB1-989C-CD905876B5D0}"
EndProject
Project("{2150E333-8FDC-42A3-9474-1A3956D46DE8}") = "Presentation", "Presentation", "{0F9E96B9-77E7-4A97-BEF4-358460E6A836}"
EndProject
Project("{FAE04EC0-301F-11D3-BF4B-00C04F79EFBC}") = "Cinema.DataBase.Contracts", "Services\DataAccess\Cinema.DataBase.Contracts\Cinema.DataBase.Contracts.csproj", "{05145E0D-E28C-4811-B570-A78A4AA87FAE}"
EndProject
Project("{FAE04EC0-301F-11D3-BF4B-00C04F79EFBC}") = "Cinema.DataBase.Implementation", "Services\DataAccess\Cinema.DataBase.Implementation\Cinema.DataBase.Implementation.csproj", "{05D242B7-3632-485B-A8B9-CE76874AC649}"
EndProject
Project("{FAE04EC0-301F-11D3-BF4B-00C04F79EFBC}") = "Cinema.Service.Contracts", "Services\Business\Cinema.Service.Contracts\Cinema.Service.Contracts.csproj", "{3B5CCD73-2F88-4497-A2B8-F46087357C0A}"
EndProject
Project("{FAE04EC0-301F-11D3-BF4B-00C04F79EFBC}") = "Cinema.Service.Implementation", "Services\Business\Cinema.Service.Implementation\Cinema.Service.Implementation.csproj", "{2E215A8F-F524-4600-8DDD-97A5CDB07BE4}"
EndProject
Project("{FAE04EC0-301F-11D3-BF4B-00C04F79EFBC}") = "Cinema.WebApi", "Services\Presentation\Cinema.WebApi\Cinema.WebApi.csproj", "{5EB82AF1-B156-441A-9A3F-317F0F9AEDF1}"
EndProject
Project("{FAE04EC0-301F-11D3-BF4B-00C04F79EFBC}") = "Cinema.WebApi.Host", "Host\Cinema.WebApi.Host\Cinema.WebApi.Host.csproj", "{7D0D29F5-23E7-4D02-8BB3-765B3838FFFF}"
EndProject
Project("{2150E333-8FDC-42A3-9474-1A3956D46DE8}") = "Tests", "Tests", "{3424FF14-CFDC-4460-89D4-B6711F050794}"
EndProject
Project("{FAE04EC0-301F-11D3-BF4B-00C04F79EFBC}") = "Cinema.WebApi.Tests", "Tests\Cinema.WebApi.Tests\Cinema.WebApi.Tests.csproj", "{145A8FDC-2507-4F22-98BE-B43F59BF19C2}"
EndProject
Global
	GlobalSection(SolutionConfigurationPlatforms) = preSolution
		Debug|Any CPU = Debug|Any CPU
		Release|Any CPU = Release|Any CPU
	EndGlobalSection
	GlobalSection(ProjectConfigurationPlatforms) = postSolution
		{8EC687ED-B796-4D1F-B036-57771F37C066}.Debug|Any CPU.ActiveCfg = Debug|Any CPU
		{8EC687ED-B796-4D1F-B036-57771F37C066}.Debug|Any CPU.Build.0 = Debug|Any CPU
		{8EC687ED-B796-4D1F-B036-57771F37C066}.Release|Any CPU.ActiveCfg = Release|Any CPU
		{8EC687ED-B796-4D1F-B036-57771F37C066}.Release|Any CPU.Build.0 = Release|Any CPU
		{F94A5A0E-6890-4799-AF8E-B3000B8B5253}.Debug|Any CPU.ActiveCfg = Debug|Any CPU
		{F94A5A0E-6890-4799-AF8E-B3000B8B5253}.Debug|Any CPU.Build.0 = Debug|Any CPU
		{F94A5A0E-6890-4799-AF8E-B3000B8B5253}.Release|Any CPU.ActiveCfg = Release|Any CPU
		{F94A5A0E-6890-4799-AF8E-B3000B8B5253}.Release|Any CPU.Build.0 = Release|Any CPU
		{633E7DDC-96F5-4E87-915A-BB483F7D4570}.Debug|Any CPU.ActiveCfg = Debug|Any CPU
		{633E7DDC-96F5-4E87-915A-BB483F7D4570}.Debug|Any CPU.Build.0 = Debug|Any CPU
		{633E7DDC-96F5-4E87-915A-BB483F7D4570}.Release|Any CPU.ActiveCfg = Release|Any CPU
		{633E7DDC-96F5-4E87-915A-BB483F7D4570}.Release|Any CPU.Build.0 = Release|Any CPU
		{4776D10F-CB2C-4439-B001-61E7F95CF3D1}.Debug|Any CPU.ActiveCfg = Debug|Any CPU
		{4776D10F-CB2C-4439-B001-61E7F95CF3D1}.Debug|Any CPU.Build.0 = Debug|Any CPU
		{4776D10F-CB2C-4439-B001-61E7F95CF3D1}.Release|Any CPU.ActiveCfg = Release|Any CPU
		{4776D10F-CB2C-4439-B001-61E7F95CF3D1}.Release|Any CPU.Build.0 = Release|Any CPU
		{05145E0D-E28C-4811-B570-A78A4AA87FAE}.Debug|Any CPU.ActiveCfg = Debug|Any CPU
		{05145E0D-E28C-4811-B570-A78A4AA87FAE}.Debug|Any CPU.Build.0 = Debug|Any CPU
		{05145E0D-E28C-4811-B570-A78A4AA87FAE}.Release|Any CPU.ActiveCfg = Release|Any CPU
		{05145E0D-E28C-4811-B570-A78A4AA87FAE}.Release|Any CPU.Build.0 = Release|Any CPU
		{05D242B7-3632-485B-A8B9-CE76874AC649}.Debug|Any CPU.ActiveCfg = Debug|Any CPU
		{05D242B7-3632-485B-A8B9-CE76874AC649}.Debug|Any CPU.Build.0 = Debug|Any CPU
		{05D242B7-3632-485B-A8B9-CE76874AC649}.Release|Any CPU.ActiveCfg = Release|Any CPU
		{05D242B7-3632-485B-A8B9-CE76874AC649}.Release|Any CPU.Build.0 = Release|Any CPU
		{3B5CCD73-2F88-4497-A2B8-F46087357C0A}.Debug|Any CPU.ActiveCfg = Debug|Any CPU
		{3B5CCD73-2F88-4497-A2B8-F46087357C0A}.Debug|Any CPU.Build.0 = Debug|Any CPU
		{3B5CCD73-2F88-4497-A2B8-F46087357C0A}.Release|Any CPU.ActiveCfg = Release|Any CPU
		{3B5CCD73-2F88-4497-A2B8-F46087357C0A}.Release|Any CPU.Build.0 = Release|Any CPU
		{2E215A8F-F524-4600-8DDD-97A5CDB07BE4}.Debug|Any CPU.ActiveCfg = Debug|Any CPU
		{2E215A8F-F524-4600-8DDD-97A5CDB07BE4}.Debug|Any CPU.Build.0 = Debug|Any CPU
		{2E215A8F-F524-4600-8DDD-97A5CDB07BE4}.Release|Any CPU.ActiveCfg = Release|Any CPU
		{2E215A8F-F524-4600-8DDD-97A5CDB07BE4}.Release|Any CPU.Build.0 = Release|Any CPU
		{5EB82AF1-B156-441A-9A3F-317F0F9AEDF1}.Debug|Any CPU.ActiveCfg = Debug|Any CPU
		{5EB82AF1-B156-441A-9A3F-317F0F9AEDF1}.Debug|Any CPU.Build.0 = Debug|Any CPU
		{5EB82AF1-B156-441A-9A3F-317F0F9AEDF1}.Release|Any CPU.ActiveCfg = Release|Any CPU
		{5EB82AF1-B156-441A-9A3F-317F0F9AEDF1}.Release|Any CPU.Build.0 = Release|Any CPU
		{7D0D29F5-23E7-4D02-8BB3-765B3838FFFF}.Debug|Any CPU.ActiveCfg = Debug|Any CPU
		{7D0D29F5-23E7-4D02-8BB3-765B3838FFFF}.Debug|Any CPU.Build.0 = Debug|Any CPU
		{7D0D29F5-23E7-4D02-8BB3-765B3838FFFF}.Release|Any CPU.ActiveCfg = Release|Any CPU
		{7D0D29F5-23E7-4D02-8BB3-765B3838FFFF}.Release|Any CPU.Build.0 = Release|Any CPU
		{145A8FDC-2507-4F22-98BE-B43F59BF19C2}.Debug|Any CPU.ActiveCfg = Debug|Any CPU
		{145A8FDC-2507-4F22-98BE-B43F59BF19C2}.Debug|Any CPU.Build.0 = Debug|Any CPU
		{145A8FDC-2507-4F22-98BE-B43F59BF19C2}.Release|Any CPU.ActiveCfg = Release|Any CPU
		{145A8FDC-2507-4F22-98BE-B43F59BF19C2}.Release|Any CPU.Build.0 = Release|Any CPU
	EndGlobalSection
	GlobalSection(SolutionProperties) = preSolution
		HideSolutionNode = FALSE
	EndGlobalSection
	GlobalSection(NestedProjects) = preSolution
		{8EC687ED-B796-4D1F-B036-57771F37C066} = {56C5CEB6-CAF5-4517-AC14-295C03933C09}
		{F94A5A0E-6890-4799-AF8E-B3000B8B5253} = {56C5CEB6-CAF5-4517-AC14-295C03933C09}
		{633E7DDC-96F5-4E87-915A-BB483F7D4570} = {56C5CEB6-CAF5-4517-AC14-295C03933C09}
		{4776D10F-CB2C-4439-B001-61E7F95CF3D1} = {56C5CEB6-CAF5-4517-AC14-295C03933C09}
		{59B47818-7BFE-4514-8988-F6EAACD5CCA2} = {AD24B260-6D05-4C14-8A24-F395194FF7DB}
		{76DAE5F7-5F73-4FB1-989C-CD905876B5D0} = {AD24B260-6D05-4C14-8A24-F395194FF7DB}
		{0F9E96B9-77E7-4A97-BEF4-358460E6A836} = {AD24B260-6D05-4C14-8A24-F395194FF7DB}
		{05145E0D-E28C-4811-B570-A78A4AA87FAE} = {59B47818-7BFE-4514-8988-F6EAACD5CCA2}
		{05D242B7-3632-485B-A8B9-CE76874AC649} = {59B47818-7BFE-4514-8988-F6EAACD5CCA2}
		{3B5CCD73-2F88-4497-A2B8-F46087357C0A} = {76DAE5F7-5F73-4FB1-989C-CD905876B5D0}
		{2E215A8F-F524-4600-8DDD-97A5CDB07BE4} = {76DAE5F7-5F73-4FB1-989C-CD905876B5D0}
		{5EB82AF1-B156-441A-9A3F-317F0F9AEDF1} = {0F9E96B9-77E7-4A97-BEF4-358460E6A836}
		{7D0D29F5-23E7-4D02-8BB3-765B3838FFFF} = {A46C08E5-FE8A-42D9-B3E1-2F9DD96F2CF4}
		{145A8FDC-2507-4F22-98BE-B43F59BF19C2} = {3424FF14-CFDC-4460-89D4-B6711F050794}
	EndGlobalSection
	GlobalSection(ExtensibilityGlobals) = postSolution
		SolutionGuid = {56EB540D-2E8A-4102-98B8-87993EF45FA9}
	EndGlobalSection
EndGlobal
